
Microsoft Visual Studio Solution File, Format Version 12.00
# Visual Studio Version 16
VisualStudioVersion = 16.0.31402.337
MinimumVisualStudioVersion = 10.0.40219.1
Project("{FAE04EC0-301F-11D3-BF4B-00C04F79EFBC}") = "SMDataManager", "SMDataManager\SMDataManager.csproj", "{7259D26B-E281-47A0-A936-0365D27DDEB5}"
EndProject
Project("{00D1A9C2-B5F0-4AF3-8072-F6C62B433612}") = "SMData", "SMData\SMData.sqlproj", "{FAB8744C-C1F3-4344-B74E-EF9DBA554D24}"
EndProject
Project("{FAE04EC0-301F-11D3-BF4B-00C04F79EFBC}") = "SMRDesktopUI", "SMRDesktopUI\SMRDesktopUI.csproj", "{F19C7633-ED16-4AB0-BAFA-82C3B0A00836}"
EndProject
Global
	GlobalSection(SolutionConfigurationPlatforms) = preSolution
		Debug|Any CPU = Debug|Any CPU
		Release|Any CPU = Release|Any CPU
	EndGlobalSection
	GlobalSection(ProjectConfigurationPlatforms) = postSolution
		{7259D26B-E281-47A0-A936-0365D27DDEB5}.Debug|Any CPU.ActiveCfg = Debug|Any CPU
		{7259D26B-E281-47A0-A936-0365D27DDEB5}.Debug|Any CPU.Build.0 = Debug|Any CPU
		{7259D26B-E281-47A0-A936-0365D27DDEB5}.Release|Any CPU.ActiveCfg = Release|Any CPU
		{7259D26B-E281-47A0-A936-0365D27DDEB5}.Release|Any CPU.Build.0 = Release|Any CPU
		{FAB8744C-C1F3-4344-B74E-EF9DBA554D24}.Debug|Any CPU.ActiveCfg = Debug|Any CPU
		{FAB8744C-C1F3-4344-B74E-EF9DBA554D24}.Debug|Any CPU.Build.0 = Debug|Any CPU
		{FAB8744C-C1F3-4344-B74E-EF9DBA554D24}.Debug|Any CPU.Deploy.0 = Debug|Any CPU
		{FAB8744C-C1F3-4344-B74E-EF9DBA554D24}.Release|Any CPU.ActiveCfg = Release|Any CPU
		{FAB8744C-C1F3-4344-B74E-EF9DBA554D24}.Release|Any CPU.Build.0 = Release|Any CPU
		{FAB8744C-C1F3-4344-B74E-EF9DBA554D24}.Release|Any CPU.Deploy.0 = Release|Any CPU
		{F19C7633-ED16-4AB0-BAFA-82C3B0A00836}.Debug|Any CPU.ActiveCfg = Debug|Any CPU
		{F19C7633-ED16-4AB0-BAFA-82C3B0A00836}.Debug|Any CPU.Build.0 = Debug|Any CPU
		{F19C7633-ED16-4AB0-BAFA-82C3B0A00836}.Release|Any CPU.ActiveCfg = Release|Any CPU
		{F19C7633-ED16-4AB0-BAFA-82C3B0A00836}.Release|Any CPU.Build.0 = Release|Any CPU
	EndGlobalSection
	GlobalSection(SolutionProperties) = preSolution
		HideSolutionNode = FALSE
	EndGlobalSection
	GlobalSection(ExtensibilityGlobals) = postSolution
		SolutionGuid = {0AD81D78-3B04-48B5-84AC-26FE78AA703D}
	EndGlobalSection
EndGlobal
